{
  "name": "agent-telegram-harness",
  "version": "0.1.0",
  "lockfileVersion": 3,
  "requires": true,
  "packages": {
    "": {
      "name": "agent-telegram-harness",
      "version": "0.1.0",
      "license": "MIT",
      "bin": {
        "agent-notify": "scripts/agent-notify.mjs",
        "agent-notify-image": "scripts/agent-notify-image.mjs",
        "agent-notify-media": "scripts/agent-notify-media.mjs",
        "codex-stop-notify": "scripts/codex-stop-notify.mjs"
      },
      "engines": {
        "node": ">=20"
      }
    }
  }
}
