{
  "name": "agent-notification-harness",
  "version": "0.2.1",
  "lockfileVersion": 3,
  "requires": true,
  "packages": {
    "": {
      "name": "agent-notification-harness",
      "version": "0.2.1",
      "license": "MIT",
      "bin": {
        "agent-notification-harness": "scripts/agent-notification-init.mjs",
        "agent-notification-harness-init": "scripts/agent-notification-init.mjs",
        "agent-notify": "scripts/agent-notify.mjs",
        "agent-notify-image": "scripts/agent-notify-image.mjs",
        "agent-notify-init": "scripts/agent-notification-init.mjs",
        "agent-notify-media": "scripts/agent-notify-media.mjs",
        "codex-stop-notify": "scripts/codex-stop-notify.mjs"
      },
      "engines": {
        "node": ">=20"
      }
    }
  }
}
